
Microsoft Visual Studio Solution File, Format Version 12.00
# Visual Studio Version 17
VisualStudioVersion = 17.14.36109.1 d17.14
MinimumVisualStudioVersion = 10.0.40219.1
Project("{FAE04EC0-301F-11D3-BF4B-00C04F79EFBC}") = "BlazorMultiSelect", "BlazorMultiSelect\BlazorMultiSelect.csproj", "{ED3E8CAA-87C1-4161-8E40-660EBED13DAE}"
EndProject
Global
	GlobalSection(SolutionConfigurationPlatforms) = preSolution
		Debug|Any CPU = Debug|Any CPU
		Release|Any CPU = Release|Any CPU
	EndGlobalSection
	GlobalSection(ProjectConfigurationPlatforms) = postSolution
		{ED3E8CAA-87C1-4161-8E40-660EBED13DAE}.Debug|Any CPU.ActiveCfg = Debug|Any CPU
		{ED3E8CAA-87C1-4161-8E40-660EBED13DAE}.Debug|Any CPU.Build.0 = Debug|Any CPU
		{ED3E8CAA-87C1-4161-8E40-660EBED13DAE}.Release|Any CPU.ActiveCfg = Release|Any CPU
		{ED3E8CAA-87C1-4161-8E40-660EBED13DAE}.Release|Any CPU.Build.0 = Release|Any CPU
	EndGlobalSection
	GlobalSection(SolutionProperties) = preSolution
		HideSolutionNode = FALSE
	EndGlobalSection
	GlobalSection(ExtensibilityGlobals) = postSolution
		SolutionGuid = {BA4BDC90-6BF1-4E40-8A64-616B2A367F8A}
	EndGlobalSection
EndGlobal
